
Microsoft Visual Studio Solution File, Format Version 12.00
# Visual Studio Version 16
VisualStudioVersion = 16.0.32002.261
MinimumVisualStudioVersion = 10.0.40219.1
Project("{2150E333-8FDC-42A3-9474-1A3956D46DE8}") = "Data Structures", "Data Structures", "{40D38570-9188-46E0-9FE7-7175721F54AE}"
EndProject
Project("{9A19103F-16F7-4668-BE54-9A1E7A4F7556}") = "1.1IsUnique", "1.1IsUnique\1.1IsUnique.csproj", "{00304268-B138-4145-8B58-629E6EBAAD8B}"
EndProject
Project("{9A19103F-16F7-4668-BE54-9A1E7A4F7556}") = "1.2CheckPermutation", "1.2CheckPermutation\1.2CheckPermutation.csproj", "{7C733149-7AC7-4DA2-9986-103286749E81}"
EndProject
Project("{9A19103F-16F7-4668-BE54-9A1E7A4F7556}") = "1.3URLify", "1.3URLify\1.3URLify.csproj", "{BAD60748-3FA8-4DF8-A339-817C08DA69D4}"
EndProject
Project("{9A19103F-16F7-4668-BE54-9A1E7A4F7556}") = "1.5OneWay", "1.5OneWay\1.5OneWay.csproj", "{48471F4D-23D3-4660-B51B-944654D41506}"
EndProject
Project("{9A19103F-16F7-4668-BE54-9A1E7A4F7556}") = "1.6StringCompression", "1.6StringCompression\1.6StringCompression.csproj", "{EF5A4539-6E42-42BD-ADAE-7DCD60DE6F05}"
EndProject
Project("{9A19103F-16F7-4668-BE54-9A1E7A4F7556}") = "1.8ZeroMatrix", "1.8ZeroMatrix\1.8ZeroMatrix.csproj", "{E89D2F34-100F-4F3D-87FE-3D4EFEA243BD}"
EndProject
Project("{9A19103F-16F7-4668-BE54-9A1E7A4F7556}") = "1.9StringRotation", "1.9StringRotation\1.9StringRotation.csproj", "{94B2EB7B-58DE-451E-B98F-4746F1605C59}"
EndProject
Project("{2150E333-8FDC-42A3-9474-1A3956D46DE8}") = "LinkedLists", "LinkedLists", "{0DFB26C7-7FE4-4CCC-93E4-4495AA329956}"
EndProject
Project("{9A19103F-16F7-4668-BE54-9A1E7A4F7556}") = "2.1RemoveDups", "2.1RemoveDups\2.1RemoveDups.csproj", "{DBDCE158-3D65-4537-8040-667175E517E2}"
EndProject
Project("{9A19103F-16F7-4668-BE54-9A1E7A4F7556}") = "2.2ReturnKthToLast", "2.2ReturnKthToLast\2.2ReturnKthToLast.csproj", "{505C0B73-0AC0-4481-9F68-3FF68B6E440F}"
EndProject
Project("{9A19103F-16F7-4668-BE54-9A1E7A4F7556}") = "2.3DeleteMiddleNode", "2.3DeleteMiddleNode\2.3DeleteMiddleNode.csproj", "{885CE21B-0ED3-4BA4-92AF-A13A576CC9C2}"
EndProject
Project("{9A19103F-16F7-4668-BE54-9A1E7A4F7556}") = "2.5SumLists", "2.5SumLists\2.5SumLists.csproj", "{9C7CE426-3DF3-479C-90C6-A822D9030E18}"
EndProject
Project("{9A19103F-16F7-4668-BE54-9A1E7A4F7556}") = "2.0LinkedListNode", "2.0LinkedListNode\2.0LinkedListNode.csproj", "{23878ED4-8E12-4072-8662-5328E52A297B}"
EndProject
Project("{9A19103F-16F7-4668-BE54-9A1E7A4F7556}") = "2.7Intersection", "2.7Intersection\2.7Intersection.csproj", "{F831699E-0B4B-4BAE-A79D-488BE7046B9F}"
EndProject
Project("{2150E333-8FDC-42A3-9474-1A3956D46DE8}") = "Stacks And Queues", "Stacks And Queues", "{38E76AA8-A3E7-4134-89AB-7A9B5A29F8BE}"
EndProject
Project("{9A19103F-16F7-4668-BE54-9A1E7A4F7556}") = "3.1ThreeInOne", "3.1ThreeInOne\3.1ThreeInOne.csproj", "{9EA6E958-B584-4EC2-ADCC-DAAAE0DC956E}"
EndProject
Project("{9A19103F-16F7-4668-BE54-9A1E7A4F7556}") = "3.2StackMin", "3.2StackMin\3.2StackMin.csproj", "{FCFCAA50-229B-430A-B4EC-FA1243429F64}"
EndProject
Project("{9A19103F-16F7-4668-BE54-9A1E7A4F7556}") = "3.3StackOfPlates", "3.3StackOfPlates\3.3StackOfPlates.csproj", "{915FD0B9-D93E-4F3F-8B64-ADD0FBF385E8}"
EndProject
Project("{9A19103F-16F7-4668-BE54-9A1E7A4F7556}") = "3.4QueueViaStacks", "3.4QueueViaStacks\3.4QueueViaStacks.csproj", "{1A4D49EE-A8F3-434E-89BA-66C2E311752B}"
EndProject
Project("{9A19103F-16F7-4668-BE54-9A1E7A4F7556}") = "3.5SortStack", "3.5SortStack\3.5SortStack.csproj", "{B6ABD872-32E1-4D9C-9AF9-9AD0D4CCF67F}"
EndProject
Project("{9A19103F-16F7-4668-BE54-9A1E7A4F7556}") = "3.6AnimalShelter", "3.6AnimalShelter\3.6AnimalShelter.csproj", "{80DFDF6D-40BE-442D-B044-88A0127B163A}"
EndProject
Project("{2150E333-8FDC-42A3-9474-1A3956D46DE8}") = "Solution Items", "Solution Items", "{01A2DA72-6549-4A4B-A232-DFD0D6CC4038}"
	ProjectSection(SolutionItems) = preProject
		README.md = README.md
	EndProjectSection
EndProject
Project("{2150E333-8FDC-42A3-9474-1A3956D46DE8}") = "Trees And Graphs", "Trees And Graphs", "{B5620FC6-BA37-4A96-88BD-7B607EED9135}"
EndProject
Project("{9A19103F-16F7-4668-BE54-9A1E7A4F7556}") = "4.0TreesAndGraphs", "4.0TreesAndGraphs\4.0TreesAndGraphs.csproj", "{F62C43E0-AEC7-4371-9087-D32FA3D1A7E0}"
EndProject
Project("{2150E333-8FDC-42A3-9474-1A3956D46DE8}") = "Recursion And Dynamic Programming", "Recursion And Dynamic Programming", "{522C42AE-B272-4D51-8717-E494079FCF81}"
EndProject
Project("{9A19103F-16F7-4668-BE54-9A1E7A4F7556}") = "8.1TripleSteps", "8.1TripleSteps\8.1TripleSteps.csproj", "{58CC16D7-BDB3-41F7-B2BB-6F8EA9011C0C}"
EndProject
Project("{FAE04EC0-301F-11D3-BF4B-00C04F79EFBC}") = "8.5RecursiveMultiply", "8.5RecursiveMultiply\8.5RecursiveMultiply.csproj", "{A5F4C438-63EC-4D81-ABA9-23639DE93047}"
EndProject
Global
	GlobalSection(SolutionConfigurationPlatforms) = preSolution
		Debug|Any CPU = Debug|Any CPU
		Release|Any CPU = Release|Any CPU
	EndGlobalSection
	GlobalSection(ProjectConfigurationPlatforms) = postSolution
		{00304268-B138-4145-8B58-629E6EBAAD8B}.Debug|Any CPU.ActiveCfg = Debug|Any CPU
		{00304268-B138-4145-8B58-629E6EBAAD8B}.Debug|Any CPU.Build.0 = Debug|Any CPU
		{00304268-B138-4145-8B58-629E6EBAAD8B}.Release|Any CPU.ActiveCfg = Release|Any CPU
		{00304268-B138-4145-8B58-629E6EBAAD8B}.Release|Any CPU.Build.0 = Release|Any CPU
		{7C733149-7AC7-4DA2-9986-103286749E81}.Debug|Any CPU.ActiveCfg = Debug|Any CPU
		{7C733149-7AC7-4DA2-9986-103286749E81}.Debug|Any CPU.Build.0 = Debug|Any CPU
		{7C733149-7AC7-4DA2-9986-103286749E81}.Release|Any CPU.ActiveCfg = Release|Any CPU
		{7C733149-7AC7-4DA2-9986-103286749E81}.Release|Any CPU.Build.0 = Release|Any CPU
		{BAD60748-3FA8-4DF8-A339-817C08DA69D4}.Debug|Any CPU.ActiveCfg = Debug|Any CPU
		{BAD60748-3FA8-4DF8-A339-817C08DA69D4}.Debug|Any CPU.Build.0 = Debug|Any CPU
		{BAD60748-3FA8-4DF8-A339-817C08DA69D4}.Release|Any CPU.ActiveCfg = Release|Any CPU
		{BAD60748-3FA8-4DF8-A339-817C08DA69D4}.Release|Any CPU.Build.0 = Release|Any CPU
		{48471F4D-23D3-4660-B51B-944654D41506}.Debug|Any CPU.ActiveCfg = Debug|Any CPU
		{48471F4D-23D3-4660-B51B-944654D41506}.Debug|Any CPU.Build.0 = Debug|Any CPU
		{48471F4D-23D3-4660-B51B-944654D41506}.Release|Any CPU.ActiveCfg = Release|Any CPU
		{48471F4D-23D3-4660-B51B-944654D41506}.Release|Any CPU.Build.0 = Release|Any CPU
		{EF5A4539-6E42-42BD-ADAE-7DCD60DE6F05}.Debug|Any CPU.ActiveCfg = Debug|Any CPU
		{EF5A4539-6E42-42BD-ADAE-7DCD60DE6F05}.Debug|Any CPU.Build.0 = Debug|Any CPU
		{EF5A4539-6E42-42BD-ADAE-7DCD60DE6F05}.Release|Any CPU.ActiveCfg = Release|Any CPU
		{EF5A4539-6E42-42BD-ADAE-7DCD60DE6F05}.Release|Any CPU.Build.0 = Release|Any CPU
		{E89D2F34-100F-4F3D-87FE-3D4EFEA243BD}.Debug|Any CPU.ActiveCfg = Debug|Any CPU
		{E89D2F34-100F-4F3D-87FE-3D4EFEA243BD}.Debug|Any CPU.Build.0 = Debug|Any CPU
		{E89D2F34-100F-4F3D-87FE-3D4EFEA243BD}.Release|Any CPU.ActiveCfg = Release|Any CPU
		{E89D2F34-100F-4F3D-87FE-3D4EFEA243BD}.Release|Any CPU.Build.0 = Release|Any CPU
		{94B2EB7B-58DE-451E-B98F-4746F1605C59}.Debug|Any CPU.ActiveCfg = Debug|Any CPU
		{94B2EB7B-58DE-451E-B98F-4746F1605C59}.Debug|Any CPU.Build.0 = Debug|Any CPU
		{94B2EB7B-58DE-451E-B98F-4746F1605C59}.Release|Any CPU.ActiveCfg = Release|Any CPU
		{94B2EB7B-58DE-451E-B98F-4746F1605C59}.Release|Any CPU.Build.0 = Release|Any CPU
		{DBDCE158-3D65-4537-8040-667175E517E2}.Debug|Any CPU.ActiveCfg = Debug|Any CPU
		{DBDCE158-3D65-4537-8040-667175E517E2}.Debug|Any CPU.Build.0 = Debug|Any CPU
		{DBDCE158-3D65-4537-8040-667175E517E2}.Release|Any CPU.ActiveCfg = Release|Any CPU
		{DBDCE158-3D65-4537-8040-667175E517E2}.Release|Any CPU.Build.0 = Release|Any CPU
		{505C0B73-0AC0-4481-9F68-3FF68B6E440F}.Debug|Any CPU.ActiveCfg = Debug|Any CPU
		{505C0B73-0AC0-4481-9F68-3FF68B6E440F}.Debug|Any CPU.Build.0 = Debug|Any CPU
		{505C0B73-0AC0-4481-9F68-3FF68B6E440F}.Release|Any CPU.ActiveCfg = Release|Any CPU
		{505C0B73-0AC0-4481-9F68-3FF68B6E440F}.Release|Any CPU.Build.0 = Release|Any CPU
		{885CE21B-0ED3-4BA4-92AF-A13A576CC9C2}.Debug|Any CPU.ActiveCfg = Debug|Any CPU
		{885CE21B-0ED3-4BA4-92AF-A13A576CC9C2}.Debug|Any CPU.Build.0 = Debug|Any CPU
		{885CE21B-0ED3-4BA4-92AF-A13A576CC9C2}.Release|Any CPU.ActiveCfg = Release|Any CPU
		{885CE21B-0ED3-4BA4-92AF-A13A576CC9C2}.Release|Any CPU.Build.0 = Release|Any CPU
		{9C7CE426-3DF3-479C-90C6-A822D9030E18}.Debug|Any CPU.ActiveCfg = Debug|Any CPU
		{9C7CE426-3DF3-479C-90C6-A822D9030E18}.Debug|Any CPU.Build.0 = Debug|Any CPU
		{9C7CE426-3DF3-479C-90C6-A822D9030E18}.Release|Any CPU.ActiveCfg = Release|Any CPU
		{9C7CE426-3DF3-479C-90C6-A822D9030E18}.Release|Any CPU.Build.0 = Release|Any CPU
		{23878ED4-8E12-4072-8662-5328E52A297B}.Debug|Any CPU.ActiveCfg = Debug|Any CPU
		{23878ED4-8E12-4072-8662-5328E52A297B}.Debug|Any CPU.Build.0 = Debug|Any CPU
		{23878ED4-8E12-4072-8662-5328E52A297B}.Release|Any CPU.ActiveCfg = Release|Any CPU
		{23878ED4-8E12-4072-8662-5328E52A297B}.Release|Any CPU.Build.0 = Release|Any CPU
		{F831699E-0B4B-4BAE-A79D-488BE7046B9F}.Debug|Any CPU.ActiveCfg = Debug|Any CPU
		{F831699E-0B4B-4BAE-A79D-488BE7046B9F}.Debug|Any CPU.Build.0 = Debug|Any CPU
		{F831699E-0B4B-4BAE-A79D-488BE7046B9F}.Release|Any CPU.ActiveCfg = Release|Any CPU
		{F831699E-0B4B-4BAE-A79D-488BE7046B9F}.Release|Any CPU.Build.0 = Release|Any CPU
		{9EA6E958-B584-4EC2-ADCC-DAAAE0DC956E}.Debug|Any CPU.ActiveCfg = Debug|Any CPU
		{9EA6E958-B584-4EC2-ADCC-DAAAE0DC956E}.Debug|Any CPU.Build.0 = Debug|Any CPU
		{9EA6E958-B584-4EC2-ADCC-DAAAE0DC956E}.Release|Any CPU.ActiveCfg = Release|Any CPU
		{9EA6E958-B584-4EC2-ADCC-DAAAE0DC956E}.Release|Any CPU.Build.0 = Release|Any CPU
		{FCFCAA50-229B-430A-B4EC-FA1243429F64}.Debug|Any CPU.ActiveCfg = Debug|Any CPU
		{FCFCAA50-229B-430A-B4EC-FA1243429F64}.Debug|Any CPU.Build.0 = Debug|Any CPU
		{FCFCAA50-229B-430A-B4EC-FA1243429F64}.Release|Any CPU.ActiveCfg = Release|Any CPU
		{FCFCAA50-229B-430A-B4EC-FA1243429F64}.Release|Any CPU.Build.0 = Release|Any CPU
		{915FD0B9-D93E-4F3F-8B64-ADD0FBF385E8}.Debug|Any CPU.ActiveCfg = Debug|Any CPU
		{915FD0B9-D93E-4F3F-8B64-ADD0FBF385E8}.Debug|Any CPU.Build.0 = Debug|Any CPU
		{915FD0B9-D93E-4F3F-8B64-ADD0FBF385E8}.Release|Any CPU.ActiveCfg = Release|Any CPU
		{915FD0B9-D93E-4F3F-8B64-ADD0FBF385E8}.Release|Any CPU.Build.0 = Release|Any CPU
		{1A4D49EE-A8F3-434E-89BA-66C2E311752B}.Debug|Any CPU.ActiveCfg = Debug|Any CPU
		{1A4D49EE-A8F3-434E-89BA-66C2E311752B}.Debug|Any CPU.Build.0 = Debug|Any CPU
		{1A4D49EE-A8F3-434E-89BA-66C2E311752B}.Release|Any CPU.ActiveCfg = Release|Any CPU
		{1A4D49EE-A8F3-434E-89BA-66C2E311752B}.Release|Any CPU.Build.0 = Release|Any CPU
		{B6ABD872-32E1-4D9C-9AF9-9AD0D4CCF67F}.Debug|Any CPU.ActiveCfg = Debug|Any CPU
		{B6ABD872-32E1-4D9C-9AF9-9AD0D4CCF67F}.Debug|Any CPU.Build.0 = Debug|Any CPU
		{B6ABD872-32E1-4D9C-9AF9-9AD0D4CCF67F}.Release|Any CPU.ActiveCfg = Release|Any CPU
		{B6ABD872-32E1-4D9C-9AF9-9AD0D4CCF67F}.Release|Any CPU.Build.0 = Release|Any CPU
		{80DFDF6D-40BE-442D-B044-88A0127B163A}.Debug|Any CPU.ActiveCfg = Debug|Any CPU
		{80DFDF6D-40BE-442D-B044-88A0127B163A}.Debug|Any CPU.Build.0 = Debug|Any CPU
		{80DFDF6D-40BE-442D-B044-88A0127B163A}.Release|Any CPU.ActiveCfg = Release|Any CPU
		{80DFDF6D-40BE-442D-B044-88A0127B163A}.Release|Any CPU.Build.0 = Release|Any CPU
		{F62C43E0-AEC7-4371-9087-D32FA3D1A7E0}.Debug|Any CPU.ActiveCfg = Debug|Any CPU
		{F62C43E0-AEC7-4371-9087-D32FA3D1A7E0}.Debug|Any CPU.Build.0 = Debug|Any CPU
		{F62C43E0-AEC7-4371-9087-D32FA3D1A7E0}.Release|Any CPU.ActiveCfg = Release|Any CPU
		{F62C43E0-AEC7-4371-9087-D32FA3D1A7E0}.Release|Any CPU.Build.0 = Release|Any CPU
		{58CC16D7-BDB3-41F7-B2BB-6F8EA9011C0C}.Debug|Any CPU.ActiveCfg = Debug|Any CPU
		{58CC16D7-BDB3-41F7-B2BB-6F8EA9011C0C}.Debug|Any CPU.Build.0 = Debug|Any CPU
		{58CC16D7-BDB3-41F7-B2BB-6F8EA9011C0C}.Release|Any CPU.ActiveCfg = Release|Any CPU
		{58CC16D7-BDB3-41F7-B2BB-6F8EA9011C0C}.Release|Any CPU.Build.0 = Release|Any CPU
		{A5F4C438-63EC-4D81-ABA9-23639DE93047}.Debug|Any CPU.ActiveCfg = Debug|Any CPU
		{A5F4C438-63EC-4D81-ABA9-23639DE93047}.Debug|Any CPU.Build.0 = Debug|Any CPU
		{A5F4C438-63EC-4D81-ABA9-23639DE93047}.Release|Any CPU.ActiveCfg = Release|Any CPU
		{A5F4C438-63EC-4D81-ABA9-23639DE93047}.Release|Any CPU.Build.0 = Release|Any CPU
	EndGlobalSection
	GlobalSection(SolutionProperties) = preSolution
		HideSolutionNode = FALSE
	EndGlobalSection
	GlobalSection(NestedProjects) = preSolution
		{00304268-B138-4145-8B58-629E6EBAAD8B} = {40D38570-9188-46E0-9FE7-7175721F54AE}
		{7C733149-7AC7-4DA2-9986-103286749E81} = {40D38570-9188-46E0-9FE7-7175721F54AE}
		{BAD60748-3FA8-4DF8-A339-817C08DA69D4} = {40D38570-9188-46E0-9FE7-7175721F54AE}
		{48471F4D-23D3-4660-B51B-944654D41506} = {40D38570-9188-46E0-9FE7-7175721F54AE}
		{EF5A4539-6E42-42BD-ADAE-7DCD60DE6F05} = {40D38570-9188-46E0-9FE7-7175721F54AE}
		{E89D2F34-100F-4F3D-87FE-3D4EFEA243BD} = {40D38570-9188-46E0-9FE7-7175721F54AE}
		{94B2EB7B-58DE-451E-B98F-4746F1605C59} = {40D38570-9188-46E0-9FE7-7175721F54AE}
		{DBDCE158-3D65-4537-8040-667175E517E2} = {0DFB26C7-7FE4-4CCC-93E4-4495AA329956}
		{505C0B73-0AC0-4481-9F68-3FF68B6E440F} = {0DFB26C7-7FE4-4CCC-93E4-4495AA329956}
		{885CE21B-0ED3-4BA4-92AF-A13A576CC9C2} = {0DFB26C7-7FE4-4CCC-93E4-4495AA329956}
		{9C7CE426-3DF3-479C-90C6-A822D9030E18} = {0DFB26C7-7FE4-4CCC-93E4-4495AA329956}
		{23878ED4-8E12-4072-8662-5328E52A297B} = {0DFB26C7-7FE4-4CCC-93E4-4495AA329956}
		{F831699E-0B4B-4BAE-A79D-488BE7046B9F} = {0DFB26C7-7FE4-4CCC-93E4-4495AA329956}
		{9EA6E958-B584-4EC2-ADCC-DAAAE0DC956E} = {38E76AA8-A3E7-4134-89AB-7A9B5A29F8BE}
		{FCFCAA50-229B-430A-B4EC-FA1243429F64} = {38E76AA8-A3E7-4134-89AB-7A9B5A29F8BE}
		{915FD0B9-D93E-4F3F-8B64-ADD0FBF385E8} = {38E76AA8-A3E7-4134-89AB-7A9B5A29F8BE}
		{1A4D49EE-A8F3-434E-89BA-66C2E311752B} = {38E76AA8-A3E7-4134-89AB-7A9B5A29F8BE}
		{B6ABD872-32E1-4D9C-9AF9-9AD0D4CCF67F} = {38E76AA8-A3E7-4134-89AB-7A9B5A29F8BE}
		{80DFDF6D-40BE-442D-B044-88A0127B163A} = {38E76AA8-A3E7-4134-89AB-7A9B5A29F8BE}
		{F62C43E0-AEC7-4371-9087-D32FA3D1A7E0} = {B5620FC6-BA37-4A96-88BD-7B607EED9135}
		{58CC16D7-BDB3-41F7-B2BB-6F8EA9011C0C} = {522C42AE-B272-4D51-8717-E494079FCF81}
		{A5F4C438-63EC-4D81-ABA9-23639DE93047} = {522C42AE-B272-4D51-8717-E494079FCF81}
	EndGlobalSection
	GlobalSection(ExtensibilityGlobals) = postSolution
		SolutionGuid = {63092C2E-702C-494B-A1C1-84F39D23E38E}
	EndGlobalSection
EndGlobal
