
Microsoft Visual Studio Solution File, Format Version 12.00
# Visual Studio Version 16
VisualStudioVersion = 16.0.32002.261
MinimumVisualStudioVersion = 10.0.40219.1
Project("{2150E333-8FDC-42A3-9474-1A3956D46DE8}") = "Data Structures", "Data Structures", "{40D38570-9188-46E0-9FE7-7175721F54AE}"
EndProject
Project("{9A19103F-16F7-4668-BE54-9A1E7A4F7556}") = "1.1IsUnique", "1.1IsUnique\1.1IsUnique.csproj", "{00304268-B138-4145-8B58-629E6EBAAD8B}"
EndProject
Project("{9A19103F-16F7-4668-BE54-9A1E7A4F7556}") = "1.2CheckPermutation", "1.2CheckPermutation\1.2CheckPermutation.csproj", "{7C733149-7AC7-4DA2-9986-103286749E81}"
EndProject
Project("{9A19103F-16F7-4668-BE54-9A1E7A4F7556}") = "1.3URLify", "1.3URLify\1.3URLify.csproj", "{BAD60748-3FA8-4DF8-A339-817C08DA69D4}"
EndProject
Project("{9A19103F-16F7-4668-BE54-9A1E7A4F7556}") = "1.5OneWay", "1.5OneWay\1.5OneWay.csproj", "{48471F4D-23D3-4660-B51B-944654D41506}"
EndProject
Project("{9A19103F-16F7-4668-BE54-9A1E7A4F7556}") = "1.6StringCompression", "1.6StringCompression\1.6StringCompression.csproj", "{EF5A4539-6E42-42BD-ADAE-7DCD60DE6F05}"
EndProject
Project("{9A19103F-16F7-4668-BE54-9A1E7A4F7556}") = "1.8ZeroMatrix", "1.8ZeroMatrix\1.8ZeroMatrix.csproj", "{E89D2F34-100F-4F3D-87FE-3D4EFEA243BD}"
EndProject
Project("{9A19103F-16F7-4668-BE54-9A1E7A4F7556}") = "1.9StringRotation", "1.9StringRotation\1.9StringRotation.csproj", "{94B2EB7B-58DE-451E-B98F-4746F1605C59}"
EndProject
Project("{2150E333-8FDC-42A3-9474-1A3956D46DE8}") = "LinkedLists", "LinkedLists", "{0DFB26C7-7FE4-4CCC-93E4-4495AA329956}"
EndProject
Project("{FAE04EC0-301F-11D3-BF4B-00C04F79EFBC}") = "2.1RemoveDups", "2.1RemoveDups\2.1RemoveDups.csproj", "{DBDCE158-3D65-4537-8040-667175E517E2}"
EndProject
Global
	GlobalSection(SolutionConfigurationPlatforms) = preSolution
		Debug|Any CPU = Debug|Any CPU
		Release|Any CPU = Release|Any CPU
	EndGlobalSection
	GlobalSection(ProjectConfigurationPlatforms) = postSolution
		{00304268-B138-4145-8B58-629E6EBAAD8B}.Debug|Any CPU.ActiveCfg = Debug|Any CPU
		{00304268-B138-4145-8B58-629E6EBAAD8B}.Debug|Any CPU.Build.0 = Debug|Any CPU
		{00304268-B138-4145-8B58-629E6EBAAD8B}.Release|Any CPU.ActiveCfg = Release|Any CPU
		{00304268-B138-4145-8B58-629E6EBAAD8B}.Release|Any CPU.Build.0 = Release|Any CPU
		{7C733149-7AC7-4DA2-9986-103286749E81}.Debug|Any CPU.ActiveCfg = Debug|Any CPU
		{7C733149-7AC7-4DA2-9986-103286749E81}.Debug|Any CPU.Build.0 = Debug|Any CPU
		{7C733149-7AC7-4DA2-9986-103286749E81}.Release|Any CPU.ActiveCfg = Release|Any CPU
		{7C733149-7AC7-4DA2-9986-103286749E81}.Release|Any CPU.Build.0 = Release|Any CPU
		{BAD60748-3FA8-4DF8-A339-817C08DA69D4}.Debug|Any CPU.ActiveCfg = Debug|Any CPU
		{BAD60748-3FA8-4DF8-A339-817C08DA69D4}.Debug|Any CPU.Build.0 = Debug|Any CPU
		{BAD60748-3FA8-4DF8-A339-817C08DA69D4}.Release|Any CPU.ActiveCfg = Release|Any CPU
		{BAD60748-3FA8-4DF8-A339-817C08DA69D4}.Release|Any CPU.Build.0 = Release|Any CPU
		{48471F4D-23D3-4660-B51B-944654D41506}.Debug|Any CPU.ActiveCfg = Debug|Any CPU
		{48471F4D-23D3-4660-B51B-944654D41506}.Debug|Any CPU.Build.0 = Debug|Any CPU
		{48471F4D-23D3-4660-B51B-944654D41506}.Release|Any CPU.ActiveCfg = Release|Any CPU
		{48471F4D-23D3-4660-B51B-944654D41506}.Release|Any CPU.Build.0 = Release|Any CPU
		{EF5A4539-6E42-42BD-ADAE-7DCD60DE6F05}.Debug|Any CPU.ActiveCfg = Debug|Any CPU
		{EF5A4539-6E42-42BD-ADAE-7DCD60DE6F05}.Debug|Any CPU.Build.0 = Debug|Any CPU
		{EF5A4539-6E42-42BD-ADAE-7DCD60DE6F05}.Release|Any CPU.ActiveCfg = Release|Any CPU
		{EF5A4539-6E42-42BD-ADAE-7DCD60DE6F05}.Release|Any CPU.Build.0 = Release|Any CPU
		{E89D2F34-100F-4F3D-87FE-3D4EFEA243BD}.Debug|Any CPU.ActiveCfg = Debug|Any CPU
		{E89D2F34-100F-4F3D-87FE-3D4EFEA243BD}.Debug|Any CPU.Build.0 = Debug|Any CPU
		{E89D2F34-100F-4F3D-87FE-3D4EFEA243BD}.Release|Any CPU.ActiveCfg = Release|Any CPU
		{E89D2F34-100F-4F3D-87FE-3D4EFEA243BD}.Release|Any CPU.Build.0 = Release|Any CPU
		{94B2EB7B-58DE-451E-B98F-4746F1605C59}.Debug|Any CPU.ActiveCfg = Debug|Any CPU
		{94B2EB7B-58DE-451E-B98F-4746F1605C59}.Debug|Any CPU.Build.0 = Debug|Any CPU
		{94B2EB7B-58DE-451E-B98F-4746F1605C59}.Release|Any CPU.ActiveCfg = Release|Any CPU
		{94B2EB7B-58DE-451E-B98F-4746F1605C59}.Release|Any CPU.Build.0 = Release|Any CPU
		{DBDCE158-3D65-4537-8040-667175E517E2}.Debug|Any CPU.ActiveCfg = Debug|Any CPU
		{DBDCE158-3D65-4537-8040-667175E517E2}.Debug|Any CPU.Build.0 = Debug|Any CPU
		{DBDCE158-3D65-4537-8040-667175E517E2}.Release|Any CPU.ActiveCfg = Release|Any CPU
		{DBDCE158-3D65-4537-8040-667175E517E2}.Release|Any CPU.Build.0 = Release|Any CPU
	EndGlobalSection
	GlobalSection(SolutionProperties) = preSolution
		HideSolutionNode = FALSE
	EndGlobalSection
	GlobalSection(NestedProjects) = preSolution
		{00304268-B138-4145-8B58-629E6EBAAD8B} = {40D38570-9188-46E0-9FE7-7175721F54AE}
		{7C733149-7AC7-4DA2-9986-103286749E81} = {40D38570-9188-46E0-9FE7-7175721F54AE}
		{BAD60748-3FA8-4DF8-A339-817C08DA69D4} = {40D38570-9188-46E0-9FE7-7175721F54AE}
		{48471F4D-23D3-4660-B51B-944654D41506} = {40D38570-9188-46E0-9FE7-7175721F54AE}
		{EF5A4539-6E42-42BD-ADAE-7DCD60DE6F05} = {40D38570-9188-46E0-9FE7-7175721F54AE}
		{E89D2F34-100F-4F3D-87FE-3D4EFEA243BD} = {40D38570-9188-46E0-9FE7-7175721F54AE}
		{94B2EB7B-58DE-451E-B98F-4746F1605C59} = {40D38570-9188-46E0-9FE7-7175721F54AE}
		{DBDCE158-3D65-4537-8040-667175E517E2} = {0DFB26C7-7FE4-4CCC-93E4-4495AA329956}
	EndGlobalSection
	GlobalSection(ExtensibilityGlobals) = postSolution
		SolutionGuid = {63092C2E-702C-494B-A1C1-84F39D23E38E}
	EndGlobalSection
EndGlobal
